{
  "name": "estrella",
  "version": "1.0.4",
  "lockfileVersion": 1,
  "requires": true,
  "dependencies": {
    "esbuild": {
      "version": "0.3.6",
      "resolved": "https://registry.npmjs.org/esbuild/-/esbuild-0.3.6.tgz",
      "integrity": "sha512-PimHlmZqyTLjyhUyW2niOVX8PBxCmghTconnf/Vr8YpA0zc3BmSzG31XOiu55XRMeo4wAcV6nmEDRrnYjuUQpA=="
    },
    "miniglob": {
      "version": "0.1.1",
      "resolved": "https://registry.npmjs.org/miniglob/-/miniglob-0.1.1.tgz",
      "integrity": "sha512-zYA4hb9rVoYJeH+YA3FFzakKyziSqclGB0h31Fs+SsMHCBWr5QVpAHsxGfLb23dQ1jwnS6dW/oPO99L0jfx8Pw==",
      "dev": true
    }
  }
}
