{
  "name": "estrella",
  "version": "1.0.0",
  "lockfileVersion": 1,
  "requires": true,
  "dependencies": {
    "esbuild": {
      "version": "0.3.6",
      "resolved": "https://registry.npmjs.org/esbuild/-/esbuild-0.3.6.tgz",
      "integrity": "sha512-PimHlmZqyTLjyhUyW2niOVX8PBxCmghTconnf/Vr8YpA0zc3BmSzG31XOiu55XRMeo4wAcV6nmEDRrnYjuUQpA=="
    }
  }
}
