{
  "name": "estrella",
  "version": "1.1.0",
  "lockfileVersion": 1,
  "requires": true,
  "dependencies": {
    "esbuild": {
      "version": "0.3.8",
      "resolved": "https://registry.npmjs.org/esbuild/-/esbuild-0.3.8.tgz",
      "integrity": "sha512-csMyZtJt0+uCNecrjo4zt8KK+7Pw3zJThbHTblIiZcWqIP03tXjPLhdmg6PiFzVPzfszMDByScck76ofHCuCNg=="
    },
    "miniglob": {
      "version": "0.1.1",
      "resolved": "https://registry.npmjs.org/miniglob/-/miniglob-0.1.1.tgz",
      "integrity": "sha512-zYA4hb9rVoYJeH+YA3FFzakKyziSqclGB0h31Fs+SsMHCBWr5QVpAHsxGfLb23dQ1jwnS6dW/oPO99L0jfx8Pw==",
      "dev": true
    }
  }
}
